
Microsoft Visual Studio Solution File, Format Version 12.00
# Visual Studio Version 17
VisualStudioVersion = 17.1.32210.238
MinimumVisualStudioVersion = 10.0.40219.1
Project("{FAE04EC0-301F-11D3-BF4B-00C04F79EFBC}") = "ce100-hw5-algo-lib-cs", "ce100-hw5-algo-lib-cs\ce100-hw5-algo-lib-cs.csproj", "{B1CF66B5-578B-448C-B518-4DF74037B2F7}"
EndProject
Project("{FAE04EC0-301F-11D3-BF4B-00C04F79EFBC}") = "ce100-hw5-algo-test-cs", "ce100-hw5-algo-test-cs\ce100-hw5-algo-test-cs.csproj", "{C3CEC918-4058-4EC0-814B-A65492C778B7}"
EndProject
Global
	GlobalSection(SolutionConfigurationPlatforms) = preSolution
		Debug|Any CPU = Debug|Any CPU
		Release|Any CPU = Release|Any CPU
	EndGlobalSection
	GlobalSection(ProjectConfigurationPlatforms) = postSolution
		{B1CF66B5-578B-448C-B518-4DF74037B2F7}.Debug|Any CPU.ActiveCfg = Debug|Any CPU
		{B1CF66B5-578B-448C-B518-4DF74037B2F7}.Debug|Any CPU.Build.0 = Debug|Any CPU
		{B1CF66B5-578B-448C-B518-4DF74037B2F7}.Release|Any CPU.ActiveCfg = Release|Any CPU
		{B1CF66B5-578B-448C-B518-4DF74037B2F7}.Release|Any CPU.Build.0 = Release|Any CPU
		{C3CEC918-4058-4EC0-814B-A65492C778B7}.Debug|Any CPU.ActiveCfg = Debug|Any CPU
		{C3CEC918-4058-4EC0-814B-A65492C778B7}.Debug|Any CPU.Build.0 = Debug|Any CPU
		{C3CEC918-4058-4EC0-814B-A65492C778B7}.Release|Any CPU.ActiveCfg = Release|Any CPU
		{C3CEC918-4058-4EC0-814B-A65492C778B7}.Release|Any CPU.Build.0 = Release|Any CPU
	EndGlobalSection
	GlobalSection(SolutionProperties) = preSolution
		HideSolutionNode = FALSE
	EndGlobalSection
	GlobalSection(ExtensibilityGlobals) = postSolution
		SolutionGuid = {2290E620-75E9-45AC-9A04-04E2F841311E}
	EndGlobalSection
EndGlobal
